
Microsoft Visual Studio Solution File, Format Version 12.00
# Visual Studio 15
VisualStudioVersion = 15.0.26730.16
MinimumVisualStudioVersion = 10.0.40219.1
Project("{FAE04EC0-301F-11D3-BF4B-00C04F79EFBC}") = "PictureFilter", "PictureFilter\PictureFilter.csproj", "{9263C4AB-CC0B-47D4-959F-BA0BC68488D0}"
EndProject
Global
	GlobalSection(SolutionConfigurationPlatforms) = preSolution
		Debug|Any CPU = Debug|Any CPU
		Release|Any CPU = Release|Any CPU
	EndGlobalSection
	GlobalSection(ProjectConfigurationPlatforms) = postSolution
		{9263C4AB-CC0B-47D4-959F-BA0BC68488D0}.Debug|Any CPU.ActiveCfg = Debug|Any CPU
		{9263C4AB-CC0B-47D4-959F-BA0BC68488D0}.Debug|Any CPU.Build.0 = Debug|Any CPU
		{9263C4AB-CC0B-47D4-959F-BA0BC68488D0}.Release|Any CPU.ActiveCfg = Release|Any CPU
		{9263C4AB-CC0B-47D4-959F-BA0BC68488D0}.Release|Any CPU.Build.0 = Release|Any CPU
	EndGlobalSection
	GlobalSection(SolutionProperties) = preSolution
		HideSolutionNode = FALSE
	EndGlobalSection
	GlobalSection(ExtensibilityGlobals) = postSolution
		SolutionGuid = {06005C03-05E9-462B-947F-489538128909}
	EndGlobalSection
EndGlobal
